
Microsoft Visual Studio Solution File, Format Version 12.00
# Visual Studio Version 16
VisualStudioVersion = 16.0.30104.148
MinimumVisualStudioVersion = 10.0.40219.1
Project("{9A19103F-16F7-4668-BE54-9A1E7A4F7556}") = "UsindianCommunity", "UsindianCommunity\UsindianCommunity.csproj", "{22B3DE03-3B6E-47B2-AD57-1672F45A8A21}"
EndProject
Project("{9A19103F-16F7-4668-BE54-9A1E7A4F7556}") = "ProjectDataStructure", "ProjectDataStructure\ProjectDataStructure.csproj", "{40D7C2EC-C423-48AD-9117-6B96F2BE5E74}"
EndProject
Project("{FAE04EC0-301F-11D3-BF4B-00C04F79EFBC}") = "LogicLevel", "LogicLevel\LogicLevel.csproj", "{423117E6-5462-4662-99F8-91652FFBBA70}"
EndProject
Global
	GlobalSection(SolutionConfigurationPlatforms) = preSolution
		Debug|Any CPU = Debug|Any CPU
		Release|Any CPU = Release|Any CPU
	EndGlobalSection
	GlobalSection(ProjectConfigurationPlatforms) = postSolution
		{22B3DE03-3B6E-47B2-AD57-1672F45A8A21}.Debug|Any CPU.ActiveCfg = Debug|Any CPU
		{22B3DE03-3B6E-47B2-AD57-1672F45A8A21}.Debug|Any CPU.Build.0 = Debug|Any CPU
		{22B3DE03-3B6E-47B2-AD57-1672F45A8A21}.Release|Any CPU.ActiveCfg = Release|Any CPU
		{22B3DE03-3B6E-47B2-AD57-1672F45A8A21}.Release|Any CPU.Build.0 = Release|Any CPU
		{40D7C2EC-C423-48AD-9117-6B96F2BE5E74}.Debug|Any CPU.ActiveCfg = Debug|Any CPU
		{40D7C2EC-C423-48AD-9117-6B96F2BE5E74}.Debug|Any CPU.Build.0 = Debug|Any CPU
		{40D7C2EC-C423-48AD-9117-6B96F2BE5E74}.Release|Any CPU.ActiveCfg = Release|Any CPU
		{40D7C2EC-C423-48AD-9117-6B96F2BE5E74}.Release|Any CPU.Build.0 = Release|Any CPU
		{423117E6-5462-4662-99F8-91652FFBBA70}.Debug|Any CPU.ActiveCfg = Debug|Any CPU
		{423117E6-5462-4662-99F8-91652FFBBA70}.Debug|Any CPU.Build.0 = Debug|Any CPU
		{423117E6-5462-4662-99F8-91652FFBBA70}.Release|Any CPU.ActiveCfg = Release|Any CPU
		{423117E6-5462-4662-99F8-91652FFBBA70}.Release|Any CPU.Build.0 = Release|Any CPU
	EndGlobalSection
	GlobalSection(SolutionProperties) = preSolution
		HideSolutionNode = FALSE
	EndGlobalSection
	GlobalSection(ExtensibilityGlobals) = postSolution
		SolutionGuid = {69E0F839-F062-4A09-8466-97740BF7E24F}
	EndGlobalSection
EndGlobal
